// !$*UTF8*$!
{
	archiveVersion = 1;
	classes = {
	};
	objectVersion = 46;
	objects = {

/* Begin PBXBuildFile section */
		B5232C4E1F0CC0BD00C46F3B /* AppDelegate.swift in Sources */ = {isa = PBXBuildFile; fileRef = B5232C4D1F0CC0BD00C46F3B /* AppDelegate.swift */; };
		B5232C501F0CC0BD00C46F3B /* ViewController.swift in Sources */ = {isa = PBXBuildFile; fileRef = B5232C4F1F0CC0BD00C46F3B /* ViewController.swift */; };
		B5232C531F0CC0BD00C46F3B /* Main.storyboard in Resources */ = {isa = PBXBuildFile; fileRef = B5232C511F0CC0BD00C46F3B /* Main.storyboard */; };
		B5232C551F0CC0BD00C46F3B /* Assets.xcassets in Resources */ = {isa = PBXBuildFile; fileRef = B5232C541F0CC0BD00C46F3B /* Assets.xcassets */; };
		B5232C581F0CC0BD00C46F3B /* LaunchScreen.storyboard in Resources */ = {isa = PBXBuildFile; fileRef = B5232C561F0CC0BD00C46F3B /* LaunchScreen.storyboard */; };
/* End PBXBuildFile section */

/* Begin PBXFileReference section */
		B5232C4A1F0CC0BD00C46F3B /* Cau2.app */ = {isa = PBXFileReference; explicitFileType = wrapper.application; includeInIndex = 0; path = Cau2.app; sourceTree = BUILT_PRODUCTS_DIR; };
		B5232C4D1F0CC0BD00C46F3B /* AppDelegate.swift */ = {isa = PBXFileReference; lastKnownFileType = sourcecode.swift; path = AppDelegate.swift; sourceTree = "<group>"; };
		B5232C4F1F0CC0BD00C46F3B /* ViewController.swift */ = {isa = PBXFileReference; lastKnownFileType = sourcecode.swift; path = ViewController.swift; sourceTree = "<group>"; };
		B5232C521F0CC0BD00C46F3B /* Base */ = {isa = PBXFileReference; lastKnownFileType = file.storyboard; name = Base; path = Base.lproj/Main.storyboard; sourceTree = "<group>"; };
		B5232C541F0CC0BD00C46F3B /* Assets.xcassets */ = {isa = PBXFileReference; lastKnownFileType = folder.assetcatalog; path = Assets.xcassets; sourceTree = "<group>"; };
		B5232C571F0CC0BD00C46F3B /* Base */ = {isa = PBXFileReference; lastKnownFileType = file.storyboard; name = Base; path = Base.lproj/LaunchScreen.storyboard; sourceTree = "<group>"; };
		B5232C591F0CC0BD00C46F3B /* Info.plist */ = {isa = PBXFileReference; lastKnownFileType = text.plist.xml; path = Info.plist; sourceTree = "<group>"; };
/* End PBXFileReference section */

/* Begin PBXFrameworksBuildPhase section */
		B5232C471F0CC0BD00C46F3B /* Frameworks */ = {
			isa = PBXFrameworksBuildPhase;
			buildActionMask = 2147483647;
			files = (
			);
			runOnlyForDeploymentPostprocessing = 0;
		};
/* End PBXFrameworksBuildPhase section */

/* Begin PBXGroup section */
		B5232C411F0CC0BD00C46F3B = {
			isa = PBXGroup;
			children = (
				B5232C4C1F0CC0BD00C46F3B /* Cau2 */,
				B5232C4B1F0CC0BD00C46F3B /* Products */,
			);
			sourceTree = "<group>";
		};
		B5232C4B1F0CC0BD00C46F3B /* Products */ = {
			isa = PBXGroup;
			children = (
				B5232C4A1F0CC0BD00C46F3B /* Cau2.app */,
			);
			name = Products;
			sourceTree = "<group>";
		};
		B5232C4C1F0CC0BD00C46F3B /* Cau2 */ = {
			isa = PBXGroup;
			children = (
				B5232C4D1F0CC0BD00C46F3B /* AppDelegate.swift */,
				B5232C4F1F0CC0BD00C46F3B /* ViewController.swift */,
				B5232C511F0CC0BD00C46F3B /* Main.storyboard */,
				B5232C541F0CC0BD00C46F3B /* Assets.xcassets */,
				B5232C561F0CC0BD00C46F3B /* LaunchScreen.storyboard */,
				B5232C591F0CC0BD00C46F3B /* Info.plist */,
			);
			path = Cau2;
			sourceTree = "<group>";
		};
/* End PBXGroup section */

/* Begin PBXNativeTarget section */
		B5232C491F0CC0BD00C46F3B /* Cau2 */ = {
			isa = PBXNativeTarget;
			buildConfigurationList = B5232C5C1F0CC0BD00C46F3B /* Build configuration list for PBXNativeTarget "Cau2" */;
			buildPhases = (
				B5232C461F0CC0BD00C46F3B /* Sources */,
				B5232C471F0CC0BD00C46F3B /* Frameworks */,
				B5232C481F0CC0BD00C46F3B /* Resources */,
			);
			buildRules = (
			);
			dependencies = (
			);
			name = Cau2;
			productName = Cau2;
			productReference = B5232C4A1F0CC0BD00C46F3B /* Cau2.app */;
			productType = "com.apple.product-type.application";
		};
/* End PBXNativeTarget section */

/* Begin PBXProject section */
		B5232C421F0CC0BD00C46F3B /* Project object */ = {
			isa = PBXProject;
			attributes = {
				LastSwiftUpdateCheck = 0830;
				LastUpgradeCheck = 0830;
				ORGANIZATIONNAME = cntt12;
				TargetAttributes = {
					B5232C491F0CC0BD00C46F3B = {
						CreatedOnToolsVersion = 8.3;
						ProvisioningStyle = Automatic;
					};
				};
			};
			buildConfigurationList = B5232C451F0CC0BD00C46F3B /* Build configuration list for PBXProject "Cau2" */;
			compatibilityVersion = "Xcode 3.2";
			developmentRegion = English;
			hasScannedForEncodings = 0;
			knownRegions = (
				en,
				Base,
			);
			mainGroup = B5232C411F0CC0BD00C46F3B;
			productRefGroup = B5232C4B1F0CC0BD00C46F3B /* Products */;
			projectDirPath = "";
			projectRoot = "";
			targets = (
				B5232C491F0CC0BD00C46F3B /* Cau2 */,
			);
		};
/* End PBXProject section */

/* Begin PBXResourcesBuildPhase section */
		B5232C481F0CC0BD00C46F3B /* Resources */ = {
			isa = PBXResourcesBuildPhase;
			buildActionMask = 2147483647;
			files = (
				B5232C581F0CC0BD00C46F3B /* LaunchScreen.storyboard in Resources */,
				B5232C551F0CC0BD00C46F3B /* Assets.xcassets in Resources */,
				B5232C531F0CC0BD00C46F3B /* Main.storyboard in Resources */,
			);
			runOnlyForDeploymentPostprocessing = 0;
		};
/* End PBXResourcesBuildPhase section */

/* Begin PBXSourcesBuildPhase section */
		B5232C461F0CC0BD00C46F3B /* Sources */ = {
			isa = PBXSourcesBuildPhase;
			buildActionMask = 2147483647;
			files = (
				B5232C501F0CC0BD00C46F3B /* ViewController.swift in Sources */,
				B5232C4E1F0CC0BD00C46F3B /* AppDelegate.swift in Sources */,
			);
			runOnlyForDeploymentPostprocessing = 0;
		};
/* End PBXSourcesBuildPhase section */

/* Begin PBXVariantGroup section */
		B5232C511F0CC0BD00C46F3B /* Main.storyboard */ = {
			isa = PBXVariantGroup;
			children = (
				B5232C521F0CC0BD00C46F3B /* Base */,
			);
			name = Main.storyboard;
			sourceTree = "<group>";
		};
		B5232C561F0CC0BD00C46F3B /* LaunchScreen.storyboard */ = {
			isa = PBXVariantGroup;
			children = (
				B5232C571F0CC0BD00C46F3B /* Base */,
			);
			name = LaunchScreen.storyboard;
			sourceTree = "<group>";
		};
/* End PBXVariantGroup section */

/* Begin XCBuildConfiguration section */
		B5232C5A1F0CC0BD00C46F3B /* Debug */ = {
			isa = XCBuildConfiguration;
			buildSettings = {
				ALWAYS_SEARCH_USER_PATHS = NO;
				CLANG_ANALYZER_NONNULL = YES;
				CLANG_ANALYZER_NUMBER_OBJECT_CONVERSION = YES_AGGRESSIVE;
				CLANG_CXX_LANGUAGE_STANDARD = "gnu++0x";
				CLANG_CXX_LIBRARY = "libc++";
				CLANG_ENABLE_MODULES = YES;
				CLANG_ENABLE_OBJC_ARC = YES;
				CLANG_WARN_BOOL_CONVERSION = YES;
				CLANG_WARN_CONSTANT_CONVERSION = YES;
				CLANG_WARN_DIRECT_OBJC_ISA_USAGE = YES_ERROR;
				CLANG_WARN_DOCUMENTATION_COMMENTS = YES;
				CLANG_WARN_EMPTY_BODY = YES;
				CLANG_WARN_ENUM_CONVERSION = YES;
				CLANG_WARN_INFINITE_RECURSION = YES;
				CLANG_WARN_INT_CONVERSION = YES;
				CLANG_WARN_OBJC_ROOT_CLASS = YES_ERROR;
				CLANG_WARN_SUSPICIOUS_MOVE = YES;
				CLANG_WARN_UNREACHABLE_CODE = YES;
				CLANG_WARN__DUPLICATE_METHOD_MATCH = YES;
				"CODE_SIGN_IDENTITY[sdk=iphoneos*]" = "iPhone Developer";
				COPY_PHASE_STRIP = NO;
				DEBUG_INFORMATION_FORMAT = dwarf;
				ENABLE_STRICT_OBJC_MSGSEND = YES;
				ENABLE_TESTABILITY = YES;
				GCC_C_LANGUAGE_STANDARD = gnu99;
				GCC_DYNAMIC_NO_PIC = NO;
				GCC_NO_COMMON_BLOCKS = YES;
				GCC_OPTIMIZATION_LEVEL = 0;
				GCC_PREPROCESSOR_DEFINITIONS = (
					"DEBUG=1",
					"$(inherited)",
				);
				GCC_WARN_64_TO_32_BIT_CONVERSION = YES;
				GCC_WARN_ABOUT_RETURN_TYPE = YES_ERROR;
				GCC_WARN_UNDECLARED_SELECTOR = YES;
				GCC_WARN_UNINITIALIZED_AUTOS = YES_AGGRESSIVE;
				GCC_WARN_UNUSED_FUNCTION = YES;
				GCC_WARN_UNUSED_VARIABLE = YES;
				IPHONEOS_DEPLOYMENT_TARGET = 10.3;
				MTL_ENABLE_DEBUG_INFO = YES;
				ONLY_ACTIVE_ARCH = YES;
				SDKROOT = iphoneos;
				SWIFT_ACTIVE_COMPILATION_CONDITIONS = DEBUG;
				SWIFT_OPTIMIZATION_LEVEL = "-Onone";
			};
			name = Debug;
		};
		B5232C5B1F0CC0BD00C46F3B /* Release */ = {
			isa = XCBuildConfiguration;
			buildSettings = {
				ALWAYS_SEARCH_USER_PATHS = NO;
				CLANG_ANALYZER_NONNULL = YES;
				CLANG_ANALYZER_NUMBER_OBJECT_CONVERSION = YES_AGGRESSIVE;
				CLANG_CXX_LANGUAGE_STANDARD = "gnu++0x";
				CLANG_CXX_LIBRARY = "libc++";
				CLANG_ENABLE_MODULES = YES;
				CLANG_ENABLE_OBJC_ARC = YES;
				CLANG_WARN_BOOL_CONVERSION = YES;
				CLANG_WARN_CONSTANT_CONVERSION = YES;
				CLANG_WARN_DIRECT_OBJC_ISA_USAGE = YES_ERROR;
				CLANG_WARN_DOCUMENTATION_COMMENTS = YES;
				CLANG_WARN_EMPTY_BODY = YES;
				CLANG_WARN_ENUM_CONVERSION = YES;
				CLANG_WARN_INFINITE_RECURSION = YES;
				CLANG_WARN_INT_CONVERSION = YES;
				CLANG_WARN_OBJC_ROOT_CLASS = YES_ERROR;
				CLANG_WARN_SUSPICIOUS_MOVE = YES;
				CLANG_WARN_UNREACHABLE_CODE = YES;
				CLANG_WARN__DUPLICATE_METHOD_MATCH = YES;
				"CODE_SIGN_IDENTITY[sdk=iphoneos*]" = "iPhone Developer";
				COPY_PHASE_STRIP = NO;
				DEBUG_INFORMATION_FORMAT = "dwarf-with-dsym";
				ENABLE_NS_ASSERTIONS = NO;
				ENABLE_STRICT_OBJC_MSGSEND = YES;
				GCC_C_LANGUAGE_STANDARD = gnu99;
				GCC_NO_COMMON_BLOCKS = YES;
				GCC_WARN_64_TO_32_BIT_CONVERSION = YES;
				GCC_WARN_ABOUT_RETURN_TYPE = YES_ERROR;
				GCC_WARN_UNDECLARED_SELECTOR = YES;
				GCC_WARN_UNINITIALIZED_AUTOS = YES_AGGRESSIVE;
				GCC_WARN_UNUSED_FUNCTION = YES;
				GCC_WARN_UNUSED_VARIABLE = YES;
				IPHONEOS_DEPLOYMENT_TARGET = 10.3;
				MTL_ENABLE_DEBUG_INFO = NO;
				SDKROOT = iphoneos;
				SWIFT_OPTIMIZATION_LEVEL = "-Owholemodule";
				VALIDATE_PRODUCT = YES;
			};
			name = Release;
		};
		B5232C5D1F0CC0BD00C46F3B /* Debug */ = {
			isa = XCBuildConfiguration;
			buildSettings = {
				ASSETCATALOG_COMPILER_APPICON_NAME = AppIcon;
				INFOPLIST_FILE = Cau2/Info.plist;
				LD_RUNPATH_SEARCH_PATHS = "$(inherited) @executable_path/Frameworks";
				PRODUCT_BUNDLE_IDENTIFIER = cntt12.Cau2;
				PRODUCT_NAME = "$(TARGET_NAME)";
				SWIFT_VERSION = 3.0;
			};
			name = Debug;
		};
		B5232C5E1F0CC0BD00C46F3B /* Release */ = {
			isa = XCBuildConfiguration;
			buildSettings = {
				ASSETCATALOG_COMPILER_APPICON_NAME = AppIcon;
				INFOPLIST_FILE = Cau2/Info.plist;
				LD_RUNPATH_SEARCH_PATHS = "$(inherited) @executable_path/Frameworks";
				PRODUCT_BUNDLE_IDENTIFIER = cntt12.Cau2;
				PRODUCT_NAME = "$(TARGET_NAME)";
				SWIFT_VERSION = 3.0;
			};
			name = Release;
		};
/* End XCBuildConfiguration section */

/* Begin XCConfigurationList section */
		B5232C451F0CC0BD00C46F3B /* Build configuration list for PBXProject "Cau2" */ = {
			isa = XCConfigurationList;
			buildConfigurations = (
				B5232C5A1F0CC0BD00C46F3B /* Debug */,
				B5232C5B1F0CC0BD00C46F3B /* Release */,
			);
			defaultConfigurationIsVisible = 0;
			defaultConfigurationName = Release;
		};
		B5232C5C1F0CC0BD00C46F3B /* Build configuration list for PBXNativeTarget "Cau2" */ = {
			isa = XCConfigurationList;
			buildConfigurations = (
				B5232C5D1F0CC0BD00C46F3B /* Debug */,
				B5232C5E1F0CC0BD00C46F3B /* Release */,
			);
			defaultConfigurationIsVisible = 0;
		};
/* End XCConfigurationList section */
	};
	rootObject = B5232C421F0CC0BD00C46F3B /* Project object */;
}
